
Microsoft Visual Studio Solution File, Format Version 12.00
# Visual Studio Version 17
VisualStudioVersion = 17.3.32929.385
MinimumVisualStudioVersion = 10.0.40219.1
Project("{9A19103F-16F7-4668-BE54-9A1E7A4F7556}") = "Market.Security", "Market.Security.csproj", "{A696C025-3EF4-4FB3-8BCA-9F4D7FD576CA}"
EndProject
Global
	GlobalSection(SolutionConfigurationPlatforms) = preSolution
		Debug|Any CPU = Debug|Any CPU
		Release|Any CPU = Release|Any CPU
	EndGlobalSection
	GlobalSection(ProjectConfigurationPlatforms) = postSolution
		{A696C025-3EF4-4FB3-8BCA-9F4D7FD576CA}.Debug|Any CPU.ActiveCfg = Debug|Any CPU
		{A696C025-3EF4-4FB3-8BCA-9F4D7FD576CA}.Debug|Any CPU.Build.0 = Debug|Any CPU
		{A696C025-3EF4-4FB3-8BCA-9F4D7FD576CA}.Release|Any CPU.ActiveCfg = Release|Any CPU
		{A696C025-3EF4-4FB3-8BCA-9F4D7FD576CA}.Release|Any CPU.Build.0 = Release|Any CPU
	EndGlobalSection
	GlobalSection(SolutionProperties) = preSolution
		HideSolutionNode = FALSE
	EndGlobalSection
	GlobalSection(ExtensibilityGlobals) = postSolution
		SolutionGuid = {C8F27182-8677-4780-B071-F16736B5A765}
	EndGlobalSection
EndGlobal
