
Microsoft Visual Studio Solution File, Format Version 12.00
# Visual Studio Version 17
VisualStudioVersion = 17.3.32929.385
MinimumVisualStudioVersion = 10.0.40219.1
Project("{FAE04EC0-301F-11D3-BF4B-00C04F79EFBC}") = "Market.Auth", "Market.Auth.csproj", "{4EF0B3F5-AD74-41AD-95B4-8B3EB067A140}"
EndProject
Project("{FAE04EC0-301F-11D3-BF4B-00C04F79EFBC}") = "Market.Auth.Common", "..\Market.Auth.Common\Market.Auth.Common.csproj", "{2F167E1C-0F48-445E-BFEB-E1BD75BA4B9C}"
EndProject
Global
	GlobalSection(SolutionConfigurationPlatforms) = preSolution
		Debug|Any CPU = Debug|Any CPU
		Release|Any CPU = Release|Any CPU
	EndGlobalSection
	GlobalSection(ProjectConfigurationPlatforms) = postSolution
		{4EF0B3F5-AD74-41AD-95B4-8B3EB067A140}.Debug|Any CPU.ActiveCfg = Debug|Any CPU
		{4EF0B3F5-AD74-41AD-95B4-8B3EB067A140}.Debug|Any CPU.Build.0 = Debug|Any CPU
		{4EF0B3F5-AD74-41AD-95B4-8B3EB067A140}.Release|Any CPU.ActiveCfg = Release|Any CPU
		{4EF0B3F5-AD74-41AD-95B4-8B3EB067A140}.Release|Any CPU.Build.0 = Release|Any CPU
		{2F167E1C-0F48-445E-BFEB-E1BD75BA4B9C}.Debug|Any CPU.ActiveCfg = Debug|Any CPU
		{2F167E1C-0F48-445E-BFEB-E1BD75BA4B9C}.Debug|Any CPU.Build.0 = Debug|Any CPU
		{2F167E1C-0F48-445E-BFEB-E1BD75BA4B9C}.Release|Any CPU.ActiveCfg = Release|Any CPU
		{2F167E1C-0F48-445E-BFEB-E1BD75BA4B9C}.Release|Any CPU.Build.0 = Release|Any CPU
	EndGlobalSection
	GlobalSection(SolutionProperties) = preSolution
		HideSolutionNode = FALSE
	EndGlobalSection
	GlobalSection(ExtensibilityGlobals) = postSolution
		SolutionGuid = {7F03D3E4-5811-4382-9807-C17542DD70BB}
	EndGlobalSection
EndGlobal
