
Microsoft Visual Studio Solution File, Format Version 12.00
# Visual Studio Version 17
VisualStudioVersion = 17.3.32929.385
MinimumVisualStudioVersion = 10.0.40219.1
Project("{FAE04EC0-301F-11D3-BF4B-00C04F79EFBC}") = "Market.Identity", "Market.Identity\Market.Identity.csproj", "{CE277084-26F5-4103-9F23-05D67537E2C8}"
EndProject
Global
	GlobalSection(SolutionConfigurationPlatforms) = preSolution
		Debug|Any CPU = Debug|Any CPU
		Release|Any CPU = Release|Any CPU
	EndGlobalSection
	GlobalSection(ProjectConfigurationPlatforms) = postSolution
		{CE277084-26F5-4103-9F23-05D67537E2C8}.Debug|Any CPU.ActiveCfg = Debug|Any CPU
		{CE277084-26F5-4103-9F23-05D67537E2C8}.Debug|Any CPU.Build.0 = Debug|Any CPU
		{CE277084-26F5-4103-9F23-05D67537E2C8}.Release|Any CPU.ActiveCfg = Release|Any CPU
		{CE277084-26F5-4103-9F23-05D67537E2C8}.Release|Any CPU.Build.0 = Release|Any CPU
	EndGlobalSection
	GlobalSection(SolutionProperties) = preSolution
		HideSolutionNode = FALSE
	EndGlobalSection
	GlobalSection(ExtensibilityGlobals) = postSolution
		SolutionGuid = {315ECB38-228C-4351-A756-E2130555454F}
	EndGlobalSection
EndGlobal
